
Microsoft Visual Studio Solution File, Format Version 12.00
# Visual Studio Version 16
VisualStudioVersion = 16.0.31624.102
MinimumVisualStudioVersion = 10.0.40219.1
Project("{FAE04EC0-301F-11D3-BF4B-00C04F79EFBC}") = "Passcode", "Passcode\Passcode.csproj", "{D1DF6789-1816-49D9-9E77-C8D52AEF252A}"
EndProject
Global
	GlobalSection(SolutionConfigurationPlatforms) = preSolution
		Debug|Any CPU = Debug|Any CPU
		Release|Any CPU = Release|Any CPU
	EndGlobalSection
	GlobalSection(ProjectConfigurationPlatforms) = postSolution
		{D1DF6789-1816-49D9-9E77-C8D52AEF252A}.Debug|Any CPU.ActiveCfg = Debug|Any CPU
		{D1DF6789-1816-49D9-9E77-C8D52AEF252A}.Debug|Any CPU.Build.0 = Debug|Any CPU
		{D1DF6789-1816-49D9-9E77-C8D52AEF252A}.Release|Any CPU.ActiveCfg = Release|Any CPU
		{D1DF6789-1816-49D9-9E77-C8D52AEF252A}.Release|Any CPU.Build.0 = Release|Any CPU
	EndGlobalSection
	GlobalSection(SolutionProperties) = preSolution
		HideSolutionNode = FALSE
	EndGlobalSection
	GlobalSection(ExtensibilityGlobals) = postSolution
		SolutionGuid = {DCBD2496-06EC-45A5-BABC-BEFE6BFC38C2}
	EndGlobalSection
EndGlobal
