
Microsoft Visual Studio Solution File, Format Version 12.00
# Visual Studio Version 16
VisualStudioVersion = 16.0.31624.102
MinimumVisualStudioVersion = 10.0.40219.1
Project("{FAE04EC0-301F-11D3-BF4B-00C04F79EFBC}") = "Assignment4", "Assignment4\Assignment4.csproj", "{C2992D04-1385-44D1-ADBC-5119B5658AF5}"
EndProject
Global
	GlobalSection(SolutionConfigurationPlatforms) = preSolution
		Debug|Any CPU = Debug|Any CPU
		Release|Any CPU = Release|Any CPU
	EndGlobalSection
	GlobalSection(ProjectConfigurationPlatforms) = postSolution
		{C2992D04-1385-44D1-ADBC-5119B5658AF5}.Debug|Any CPU.ActiveCfg = Debug|Any CPU
		{C2992D04-1385-44D1-ADBC-5119B5658AF5}.Debug|Any CPU.Build.0 = Debug|Any CPU
		{C2992D04-1385-44D1-ADBC-5119B5658AF5}.Release|Any CPU.ActiveCfg = Release|Any CPU
		{C2992D04-1385-44D1-ADBC-5119B5658AF5}.Release|Any CPU.Build.0 = Release|Any CPU
	EndGlobalSection
	GlobalSection(SolutionProperties) = preSolution
		HideSolutionNode = FALSE
	EndGlobalSection
	GlobalSection(ExtensibilityGlobals) = postSolution
		SolutionGuid = {1E568915-6941-4A76-8A24-84020011B420}
	EndGlobalSection
EndGlobal
